
Microsoft Visual Studio Solution File, Format Version 12.00
# Visual Studio Version 16
VisualStudioVersion = 16.0.29102.190
MinimumVisualStudioVersion = 10.0.40219.1
Project("{FAE04EC0-301F-11D3-BF4B-00C04F79EFBC}") = "CertificateApp.WebUI", "CertificateApp.WebUI\CertificateApp.WebUI.csproj", "{CB22A728-A00E-4F9E-AD69-17C47037040D}"
EndProject
Project("{FAE04EC0-301F-11D3-BF4B-00C04F79EFBC}") = "CertificateApp.Repository", "CertificateApp.Repository\CertificateApp.Repository.csproj", "{7759ED76-C409-45F7-B8B6-4F332BE2F0CD}"
EndProject
Project("{FAE04EC0-301F-11D3-BF4B-00C04F79EFBC}") = "CertificateApp.BL", "CertificateApp.BL\CertificateApp.BL.csproj", "{9ACCB09B-5F8C-4B87-A6FD-1D0C8C89EBE4}"
EndProject
Project("{FAE04EC0-301F-11D3-BF4B-00C04F79EFBC}") = "CertificateApp.Model", "CertificateApp.Model\CertificateApp.Model.csproj", "{798F5ED4-5D9E-4A00-A06B-9B088443080D}"
EndProject
Global
	GlobalSection(SolutionConfigurationPlatforms) = preSolution
		Debug|Any CPU = Debug|Any CPU
		Release|Any CPU = Release|Any CPU
	EndGlobalSection
	GlobalSection(ProjectConfigurationPlatforms) = postSolution
		{CB22A728-A00E-4F9E-AD69-17C47037040D}.Debug|Any CPU.ActiveCfg = Debug|Any CPU
		{CB22A728-A00E-4F9E-AD69-17C47037040D}.Debug|Any CPU.Build.0 = Debug|Any CPU
		{CB22A728-A00E-4F9E-AD69-17C47037040D}.Release|Any CPU.ActiveCfg = Release|Any CPU
		{CB22A728-A00E-4F9E-AD69-17C47037040D}.Release|Any CPU.Build.0 = Release|Any CPU
		{7759ED76-C409-45F7-B8B6-4F332BE2F0CD}.Debug|Any CPU.ActiveCfg = Debug|Any CPU
		{7759ED76-C409-45F7-B8B6-4F332BE2F0CD}.Debug|Any CPU.Build.0 = Debug|Any CPU
		{7759ED76-C409-45F7-B8B6-4F332BE2F0CD}.Release|Any CPU.ActiveCfg = Release|Any CPU
		{7759ED76-C409-45F7-B8B6-4F332BE2F0CD}.Release|Any CPU.Build.0 = Release|Any CPU
		{9ACCB09B-5F8C-4B87-A6FD-1D0C8C89EBE4}.Debug|Any CPU.ActiveCfg = Debug|Any CPU
		{9ACCB09B-5F8C-4B87-A6FD-1D0C8C89EBE4}.Debug|Any CPU.Build.0 = Debug|Any CPU
		{9ACCB09B-5F8C-4B87-A6FD-1D0C8C89EBE4}.Release|Any CPU.ActiveCfg = Release|Any CPU
		{9ACCB09B-5F8C-4B87-A6FD-1D0C8C89EBE4}.Release|Any CPU.Build.0 = Release|Any CPU
		{798F5ED4-5D9E-4A00-A06B-9B088443080D}.Debug|Any CPU.ActiveCfg = Debug|Any CPU
		{798F5ED4-5D9E-4A00-A06B-9B088443080D}.Debug|Any CPU.Build.0 = Debug|Any CPU
		{798F5ED4-5D9E-4A00-A06B-9B088443080D}.Release|Any CPU.ActiveCfg = Release|Any CPU
		{798F5ED4-5D9E-4A00-A06B-9B088443080D}.Release|Any CPU.Build.0 = Release|Any CPU
	EndGlobalSection
	GlobalSection(SolutionProperties) = preSolution
		HideSolutionNode = FALSE
	EndGlobalSection
	GlobalSection(ExtensibilityGlobals) = postSolution
		SolutionGuid = {C59D4BA4-0F50-4530-9C37-02B1F83D9751}
	EndGlobalSection
EndGlobal
